
Microsoft Visual Studio Solution File, Format Version 12.00
# Visual Studio Version 16
VisualStudioVersion = 16.0.31025.194
MinimumVisualStudioVersion = 10.0.40219.1
Project("{FAE04EC0-301F-11D3-BF4B-00C04F79EFBC}") = "Question1", "Question1.csproj", "{4FC59191-55D6-4345-A2E0-6765DE86496A}"
EndProject
Global
	GlobalSection(SolutionConfigurationPlatforms) = preSolution
		Debug|Any CPU = Debug|Any CPU
		Release|Any CPU = Release|Any CPU
	EndGlobalSection
	GlobalSection(ProjectConfigurationPlatforms) = postSolution
		{4FC59191-55D6-4345-A2E0-6765DE86496A}.Debug|Any CPU.ActiveCfg = Debug|Any CPU
		{4FC59191-55D6-4345-A2E0-6765DE86496A}.Debug|Any CPU.Build.0 = Debug|Any CPU
		{4FC59191-55D6-4345-A2E0-6765DE86496A}.Release|Any CPU.ActiveCfg = Release|Any CPU
		{4FC59191-55D6-4345-A2E0-6765DE86496A}.Release|Any CPU.Build.0 = Release|Any CPU
	EndGlobalSection
	GlobalSection(SolutionProperties) = preSolution
		HideSolutionNode = FALSE
	EndGlobalSection
	GlobalSection(ExtensibilityGlobals) = postSolution
		SolutionGuid = {84D842C9-1CE0-46B3-91A8-B96E5560718B}
	EndGlobalSection
EndGlobal
